schema: '2.0'
stages:
  data_ingestion:
    cmd: python -m src.data.data_ingestion
    deps:
    - path: src/data/data_ingestion.py
      hash: md5
      md5: 4559113d7a447c8f15b67c07a5830db9
      size: 2739
    params:
      params.yaml:
        data_ingestion.random_state: 123
        data_ingestion.test_size: 0.2
    outs:
    - path: data/raw
      hash: md5
      md5: 69247d59d1739105894bd5a0fb65ca5b.dir
      size: 3132066
      nfiles: 2
  data_preprocessing:
    cmd: python -m src.data.preprocessing
    deps:
    - path: data/raw
      hash: md5
      md5: 69247d59d1739105894bd5a0fb65ca5b.dir
      size: 3132066
      nfiles: 2
    - path: src/data/preprocessing.py
      hash: md5
      md5: 5d32617aac44a1a7165979a957420b61
      size: 4714
    outs:
    - path: data/interim
      hash: md5
      md5: 148405e7f7383d3a6e713c057fcd8316.dir
      size: 2042394
      nfiles: 2
  feature_engineering:
    cmd: python -m src.features.feature_engineering
    deps:
    - path: data/interim
      hash: md5
      md5: 148405e7f7383d3a6e713c057fcd8316.dir
      size: 2042394
      nfiles: 2
    - path: src/features/feature_engineering.py
      hash: md5
      md5: 36031132c651da4973ab17573d940e88
      size: 2201
    params:
      params.yaml:
        build_features.max_features: 50
    outs:
    - path: data/features
      hash: md5
      md5: 37ba0c66a38df0232e4da34672c7fb89.dir
      size: 8279967
      nfiles: 2
  model_building:
    cmd: python -m src.models.model_building
    deps:
    - path: data/features
      hash: md5
      md5: 37ba0c66a38df0232e4da34672c7fb89.dir
      size: 8279967
      nfiles: 2
    - path: src/models/model_building.py
      hash: md5
      md5: 18eef82ec5ecc91331ae872ea8a794d8
      size: 1323
    params:
      params.yaml:
        train_model.n_estimators: 100
    outs:
    - path: models
      hash: md5
      md5: 9d9e6daa306297b08c11d4c648086131.dir
      size: 1570425
      nfiles: 1
  model_evaluation:
    cmd: python -m src.models.model_evaluation
    deps:
    - path: data/features
      hash: md5
      md5: 37ba0c66a38df0232e4da34672c7fb89.dir
      size: 8279967
      nfiles: 2
    - path: models
      hash: md5
      md5: 9d9e6daa306297b08c11d4c648086131.dir
      size: 1570425
      nfiles: 1
    - path: src/models/model_evaluation.py
      hash: md5
      md5: f746f71428553a62d19da437ca9cb246
      size: 1837
    outs:
    - path: metrics.json
      hash: md5
      md5: b6c543995edeae43acfbb5a1e0253679
      size: 129
